{
    "_readme": [
        "This file locks the dependencies of your project to a known state",
        "Read more about it at https://getcomposer.org/doc/01-basic-usage.md#composer-lock-the-lock-file",
        "This file is @generated automatically"
    ],
    "hash": "4535ad29913a56f68986c01a9aff4c50",
    "content-hash": "91686bb70d98dd84e3285fb7918ca064",
    "packages": [
        {
            "name": "om/wplugins",
            "version": "v0.0.7",
            "source": {
                "type": "git",
                "url": "https://github.com/OzzyCzech/wplugins.git",
                "reference": "6b4cc628657b750eb2e28e43afbe73b2213f0f2d"
            },
            "dist": {
                "type": "zip",
                "url": "https://api.github.com/repos/OzzyCzech/wplugins/zipball/6b4cc628657b750eb2e28e43afbe73b2213f0f2d",
                "reference": "6b4cc628657b750eb2e28e43afbe73b2213f0f2d",
                "shasum": ""
            },
            "require": {
                "php": ">=5.3.0"
            },
            "require-dev": {
                "nette/tester": "@dev"
            },
            "type": "tool",
            "autoload": {
                "classmap": [
                    "src"
                ]
            },
            "notification-url": "https://packagist.org/downloads/",
            "license": [
                "BSD-3-Clause"
            ],
            "authors": [
                {
                    "name": "Roman Ožana",
                    "email": "ozana@omdesign.cz",
                    "homepage": "http://www.omdesign.cz"
                }
            ],
            "description": "Wordpress plugin commons",
            "time": "2015-03-06 09:48:38"
        },
        {
            "name": "opauth/bitbucket",
            "version": "0.2.1",
            "source": {
                "type": "git",
                "url": "https://github.com/fancyguy/opauth-bitbucket.git",
                "reference": "14441659c43013b28d61f078a9f5d3ac2be4377d"
            },
            "dist": {
                "type": "zip",
                "url": "https://api.github.com/repos/fancyguy/opauth-bitbucket/zipball/14441659c43013b28d61f078a9f5d3ac2be4377d",
                "reference": "14441659c43013b28d61f078a9f5d3ac2be4377d",
                "shasum": ""
            },
            "require": {
                "opauth/opauth": ">=0.2.0",
                "php": ">=5.2.0"
            },
            "type": "library",
            "autoload": {
                "psr-0": {
                    "": "."
                }
            },
            "notification-url": "http://packagist.org/downloads/",
            "license": [
                "MIT"
            ],
            "authors": [
                {
                    "name": "U-Zyn Chua",
                    "email": "chua@uzyn.com",
                    "homepage": "http://uzyn.com"
                }
            ],
            "description": "Google strategy for Opauth",
            "homepage": "http://opauth.org",
            "keywords": [
                "Authentication",
                "auth",
                "google"
            ],
            "time": "2012-09-11 04:35:04"
        },
        {
            "name": "opauth/facebook",
            "version": "0.3.1",
            "source": {
                "type": "git",
                "url": "https://github.com/opauth/facebook.git",
                "reference": "ad1d3cb0f71363f55b005a6d06900b6a13d5a17c"
            },
            "dist": {
                "type": "zip",
                "url": "https://api.github.com/repos/opauth/facebook/zipball/ad1d3cb0f71363f55b005a6d06900b6a13d5a17c",
                "reference": "ad1d3cb0f71363f55b005a6d06900b6a13d5a17c",
                "shasum": ""
            },
            "require": {
                "opauth/opauth": ">=0.2.0",
                "php": ">=5.2.0"
            },
            "type": "library",
            "autoload": {
                "psr-0": {
                    "": "."
                }
            },
            "notification-url": "https://packagist.org/downloads/",
            "license": [
                "MIT"
            ],
            "authors": [
                {
                    "name": "U-Zyn Chua",
                    "email": "chua@uzyn.com",
                    "homepage": "http://uzyn.com"
                }
            ],
            "description": "Facebook strategy for Opauth",
            "homepage": "http://opauth.org",
            "keywords": [
                "Authentication",
                "auth",
                "facebook"
            ],
            "time": "2017-04-03 14:31:11"
        },
        {
            "name": "opauth/github",
            "version": "0.1.0",
            "source": {
                "type": "git",
                "url": "https://github.com/opauth/github.git",
                "reference": "9c4fe16dc6498b2c94f4c2a41ab93b0fe4b7fa73"
            },
            "dist": {
                "type": "zip",
                "url": "https://api.github.com/repos/opauth/github/zipball/9c4fe16dc6498b2c94f4c2a41ab93b0fe4b7fa73",
                "reference": "9c4fe16dc6498b2c94f4c2a41ab93b0fe4b7fa73",
                "shasum": ""
            },
            "require": {
                "opauth/opauth": ">=0.4.0",
                "php": ">=5.2.0"
            },
            "type": "library",
            "autoload": {
                "psr-0": {
                    "": "."
                }
            },
            "notification-url": "http://packagist.org/downloads/",
            "license": [
                "MIT"
            ],
            "authors": [
                {
                    "name": "U-Zyn Chua",
                    "email": "uzyn@zynesis.com",
                    "homepage": "http://uzyn.com"
                }
            ],
            "description": "GitHub authentication strategy for Opauth",
            "homepage": "http://opauth.org",
            "keywords": [
                "Authentication",
                "auth",
                "github"
            ],
            "time": "2012-07-23 06:13:59"
        },
        {
            "name": "opauth/google",
            "version": "0.2.2",
            "source": {
                "type": "git",
                "url": "https://github.com/opauth/google.git",
                "reference": "35df77684c14acb346a8c3753ae3809852d1a47e"
            },
            "dist": {
                "type": "zip",
                "url": "https://api.github.com/repos/opauth/google/zipball/35df77684c14acb346a8c3753ae3809852d1a47e",
                "reference": "35df77684c14acb346a8c3753ae3809852d1a47e",
                "shasum": ""
            },
            "require": {
                "opauth/opauth": ">=0.2.0",
                "php": ">=5.2.0"
            },
            "type": "library",
            "autoload": {
                "psr-0": {
                    "": "."
                }
            },
            "notification-url": "http://packagist.org/downloads/",
            "license": [
                "MIT"
            ],
            "authors": [
                {
                    "name": "U-Zyn Chua",
                    "email": "uzyn@zynesis.com",
                    "homepage": "http://uzyn.com"
                }
            ],
            "description": "Google strategy for Opauth",
            "homepage": "http://opauth.org",
            "keywords": [
                "Authentication",
                "auth",
                "google"
            ],
            "time": "2012-10-18 14:39:52"
        },
        {
            "name": "opauth/linkedin",
            "version": "0.2.0",
            "source": {
                "type": "git",
                "url": "https://github.com/opauth/linkedin.git",
                "reference": "76df2b9520b02f4e87d1d0bd6ce64a375dcba03c"
            },
            "dist": {
                "type": "zip",
                "url": "https://api.github.com/repos/opauth/linkedin/zipball/76df2b9520b02f4e87d1d0bd6ce64a375dcba03c",
                "reference": "76df2b9520b02f4e87d1d0bd6ce64a375dcba03c",
                "shasum": ""
            },
            "require": {
                "opauth/opauth": ">=0.4.0",
                "php": ">=5.2.0"
            },
            "type": "library",
            "autoload": {
                "psr-0": {
                    "": "."
                }
            },
            "notification-url": "https://packagist.org/downloads/",
            "license": [
                "MIT"
            ],
            "authors": [
                {
                    "name": "U-Zyn Chua",
                    "email": "chua@uzyn.com",
                    "homepage": "http://uzyn.com"
                }
            ],
            "description": "LinkedIn strategy for Opauth",
            "homepage": "http://opauth.org",
            "keywords": [
                "Authentication",
                "auth",
                "linked in",
                "linkedin"
            ],
            "time": "2013-06-15 11:21:21"
        },
        {
            "name": "opauth/live",
            "version": "0.1.0",
            "source": {
                "type": "git",
                "url": "https://github.com/opauth/live.git",
                "reference": "2a854d68cd5fbf10013afbf6008fff849f1f2d0b"
            },
            "dist": {
                "type": "zip",
                "url": "https://api.github.com/repos/opauth/live/zipball/2a854d68cd5fbf10013afbf6008fff849f1f2d0b",
                "reference": "2a854d68cd5fbf10013afbf6008fff849f1f2d0b",
                "shasum": ""
            },
            "require": {
                "opauth/opauth": ">=0.2.0",
                "php": ">=5.2.0"
            },
            "type": "library",
            "autoload": {
                "psr-0": {
                    "": "."
                }
            },
            "notification-url": "http://packagist.org/downloads/",
            "license": [
                "MIT"
            ],
            "authors": [
                {
                    "name": "U-Zyn Chua",
                    "email": "uzyn@zynesis.com",
                    "homepage": "http://uzyn.com"
                }
            ],
            "description": "Live Connect strategy for Opauth",
            "homepage": "http://opauth.org",
            "keywords": [
                "Authentication",
                "auth",
                "live",
                "live connect",
                "microsoft",
                "passport",
                "windows",
                "windows live"
            ],
            "time": "2012-08-08 16:45:08"
        },
        {
            "name": "opauth/opauth",
            "version": "0.4.4",
            "source": {
                "type": "git",
                "url": "https://github.com/opauth/opauth.git",
                "reference": "436fb98c2374c9e8ae4d8adddf83214bee4d9c72"
            },
            "dist": {
                "type": "zip",
                "url": "https://api.github.com/repos/opauth/opauth/zipball/436fb98c2374c9e8ae4d8adddf83214bee4d9c72",
                "reference": "436fb98c2374c9e8ae4d8adddf83214bee4d9c72",
                "shasum": ""
            },
            "require": {
                "php": ">=5.2.0"
            },
            "suggest": {
                "opauth/facebook": "Allows Facebook authentication",
                "opauth/google": "Allows Google authentication",
                "opauth/twitter": "Allows Twitter authentication"
            },
            "type": "library",
            "autoload": {
                "classmap": [
                    "lib/Opauth/"
                ]
            },
            "notification-url": "https://packagist.org/downloads/",
            "license": [
                "MIT"
            ],
            "authors": [
                {
                    "name": "U-Zyn Chua",
                    "email": "chua@uzyn.com",
                    "homepage": "http://uzyn.com"
                }
            ],
            "description": "Multi-provider authentication framework for PHP",
            "homepage": "http://opauth.org",
            "keywords": [
                "Authentication",
                "OpenId",
                "auth",
                "facebook",
                "google",
                "oauth",
                "omniauth",
                "twitter"
            ],
            "time": "2013-05-10 09:01:52"
        },
        {
            "name": "opauth/openid",
            "version": "0.1.0",
            "source": {
                "type": "git",
                "url": "https://github.com/opauth/openid.git",
                "reference": "ebf166cddbaff78e740234189073ab6919e85eb7"
            },
            "dist": {
                "type": "zip",
                "url": "https://api.github.com/repos/opauth/openid/zipball/ebf166cddbaff78e740234189073ab6919e85eb7",
                "reference": "ebf166cddbaff78e740234189073ab6919e85eb7",
                "shasum": ""
            },
            "require": {
                "opauth/opauth": ">=0.2.0",
                "php": ">=5.2.0"
            },
            "type": "library",
            "autoload": {
                "psr-0": {
                    "": "."
                }
            },
            "notification-url": "http://packagist.org/downloads/",
            "license": [
                "MIT"
            ],
            "authors": [
                {
                    "name": "U-Zyn Chua",
                    "email": "uzyn@zynesis.com",
                    "homepage": "http://uzyn.com"
                }
            ],
            "description": "OpenID strategy for Opauth",
            "homepage": "http://opauth.org",
            "keywords": [
                "Authentication",
                "OpenId",
                "auth"
            ],
            "time": "2012-06-08 07:00:03"
        },
        {
            "name": "opauth/twitter",
            "version": "0.3.2",
            "source": {
                "type": "git",
                "url": "https://github.com/opauth/twitter.git",
                "reference": "9c09fb3d714b8bf7b35ebc235346cf2feced69e3"
            },
            "dist": {
                "type": "zip",
                "url": "https://api.github.com/repos/opauth/twitter/zipball/9c09fb3d714b8bf7b35ebc235346cf2feced69e3",
                "reference": "9c09fb3d714b8bf7b35ebc235346cf2feced69e3",
                "shasum": ""
            },
            "require": {
                "opauth/opauth": ">=0.2.0",
                "php": ">=5.2.0"
            },
            "type": "library",
            "autoload": {
                "psr-0": {
                    "": "."
                }
            },
            "notification-url": "https://packagist.org/downloads/",
            "license": [
                "MIT"
            ],
            "authors": [
                {
                    "name": "U-Zyn Chua",
                    "email": "chua@uzyn.com",
                    "homepage": "http://uzyn.com"
                }
            ],
            "description": "Twitter strategy for Opauth",
            "homepage": "http://opauth.org",
            "keywords": [
                "Authentication",
                "auth",
                "twitter"
            ],
            "time": "2017-03-28 05:03:36"
        }
    ],
    "packages-dev": [],
    "aliases": [],
    "minimum-stability": "stable",
    "stability-flags": [],
    "prefer-stable": false,
    "prefer-lowest": false,
    "platform": [],
    "platform-dev": []
}
